
Microsoft Visual Studio Solution File, Format Version 12.00
# Visual Studio 15
VisualStudioVersion = 15.0.26124.0
MinimumVisualStudioVersion = 15.0.26124.0
Project("{2150E333-8FDC-42A3-9474-1A3956D46DE8}") = "1-Services", "1-Services", "{22E5208E-29EC-47EE-BF6E-B7D58C1A7234}"
EndProject
Project("{2150E333-8FDC-42A3-9474-1A3956D46DE8}") = "2-Application", "2-Application", "{CD27EB1D-47AF-455C-89F4-504F637AA135}"
EndProject
Project("{2150E333-8FDC-42A3-9474-1A3956D46DE8}") = "3-Domain", "3-Domain", "{6A1CD462-6334-460A-ADF3-2B28828585D3}"
EndProject
Project("{2150E333-8FDC-42A3-9474-1A3956D46DE8}") = "4-Infra", "4-Infra", "{C138541F-3F93-4B65-B932-AE815A42FC89}"
EndProject
Project("{2150E333-8FDC-42A3-9474-1A3956D46DE8}") = "5-Tests", "5-Tests", "{1AED2D3D-4070-49FB-8180-3D8823434225}"
EndProject
Project("{FAE04EC0-301F-11D3-BF4B-00C04F79EFBC}") = "SantaHelena.ClickDoBem.Domain", "SantaHelena.ClickDoBem.Domain\SantaHelena.ClickDoBem.Domain.csproj", "{4DD74F41-4002-4F09-8444-59B1C2212D83}"
EndProject
Project("{2150E333-8FDC-42A3-9474-1A3956D46DE8}") = "4.1-Data", "4.1-Data", "{AE4C927F-5FBA-4C5A-8809-7B40EE446E32}"
EndProject
Project("{2150E333-8FDC-42A3-9474-1A3956D46DE8}") = "4.2-CrossCutting", "4.2-CrossCutting", "{877F3556-3E00-4F9B-AF8E-E2FAE9D7BB24}"
EndProject
Project("{FAE04EC0-301F-11D3-BF4B-00C04F79EFBC}") = "SantaHelena.ClickDoBem.Domain.Core", "SantaHelena.ClickDoBem.Domain.Core\SantaHelena.ClickDoBem.Domain.Core.csproj", "{A4E21369-0550-4EB1-BB3A-6185A97D4D53}"
EndProject
Project("{FAE04EC0-301F-11D3-BF4B-00C04F79EFBC}") = "SantaHelena.ClickDoBem.Infra.CrossCutting.Common", "SantaHelena.ClickDoBem.Infra.CrossCutting.Common\SantaHelena.ClickDoBem.Infra.CrossCutting.Common.csproj", "{6C895076-A020-43D1-B560-E6BD40632AA0}"
EndProject
Project("{FAE04EC0-301F-11D3-BF4B-00C04F79EFBC}") = "SantaHelena.ClickDoBem.Infra.CrossCutting.IoC", "SantaHelena.ClickDoBem.Infra.CrossCutting.IoC\SantaHelena.ClickDoBem.Infra.CrossCutting.IoC.csproj", "{BA81C209-BBBB-44A1-85E5-5DD9B864BB76}"
EndProject
Project("{FAE04EC0-301F-11D3-BF4B-00C04F79EFBC}") = "SantaHelena.ClickDoBem.Application", "SantaHelena.ClickDoBem.Application\SantaHelena.ClickDoBem.Application.csproj", "{2E340866-FF63-443D-924B-7AE5E9CD49CA}"
EndProject
Project("{FAE04EC0-301F-11D3-BF4B-00C04F79EFBC}") = "SantaHelena.ClickDoBem.Data", "SantaHelena.ClickDoBem.Data\SantaHelena.ClickDoBem.Data.csproj", "{4716C56D-53B5-45F6-888C-F5C1BEEBEB3C}"
EndProject
Project("{FAE04EC0-301F-11D3-BF4B-00C04F79EFBC}") = "SantaHelena.ClickDoBem.Services.Api", "SantaHelena.ClickDoBem.Services.Api\SantaHelena.ClickDoBem.Services.Api.csproj", "{5EA3189F-4907-444D-A70E-3E724514B2A8}"
EndProject
Global
	GlobalSection(SolutionConfigurationPlatforms) = preSolution
		Debug|Any CPU = Debug|Any CPU
		Debug|x64 = Debug|x64
		Debug|x86 = Debug|x86
		Release|Any CPU = Release|Any CPU
		Release|x64 = Release|x64
		Release|x86 = Release|x86
	EndGlobalSection
	GlobalSection(ProjectConfigurationPlatforms) = postSolution
		{4DD74F41-4002-4F09-8444-59B1C2212D83}.Debug|Any CPU.ActiveCfg = Debug|Any CPU
		{4DD74F41-4002-4F09-8444-59B1C2212D83}.Debug|Any CPU.Build.0 = Debug|Any CPU
		{4DD74F41-4002-4F09-8444-59B1C2212D83}.Debug|x64.ActiveCfg = Debug|Any CPU
		{4DD74F41-4002-4F09-8444-59B1C2212D83}.Debug|x64.Build.0 = Debug|Any CPU
		{4DD74F41-4002-4F09-8444-59B1C2212D83}.Debug|x86.ActiveCfg = Debug|Any CPU
		{4DD74F41-4002-4F09-8444-59B1C2212D83}.Debug|x86.Build.0 = Debug|Any CPU
		{4DD74F41-4002-4F09-8444-59B1C2212D83}.Release|Any CPU.ActiveCfg = Release|Any CPU
		{4DD74F41-4002-4F09-8444-59B1C2212D83}.Release|Any CPU.Build.0 = Release|Any CPU
		{4DD74F41-4002-4F09-8444-59B1C2212D83}.Release|x64.ActiveCfg = Release|Any CPU
		{4DD74F41-4002-4F09-8444-59B1C2212D83}.Release|x64.Build.0 = Release|Any CPU
		{4DD74F41-4002-4F09-8444-59B1C2212D83}.Release|x86.ActiveCfg = Release|Any CPU
		{4DD74F41-4002-4F09-8444-59B1C2212D83}.Release|x86.Build.0 = Release|Any CPU
		{A4E21369-0550-4EB1-BB3A-6185A97D4D53}.Debug|Any CPU.ActiveCfg = Debug|Any CPU
		{A4E21369-0550-4EB1-BB3A-6185A97D4D53}.Debug|Any CPU.Build.0 = Debug|Any CPU
		{A4E21369-0550-4EB1-BB3A-6185A97D4D53}.Debug|x64.ActiveCfg = Debug|Any CPU
		{A4E21369-0550-4EB1-BB3A-6185A97D4D53}.Debug|x64.Build.0 = Debug|Any CPU
		{A4E21369-0550-4EB1-BB3A-6185A97D4D53}.Debug|x86.ActiveCfg = Debug|Any CPU
		{A4E21369-0550-4EB1-BB3A-6185A97D4D53}.Debug|x86.Build.0 = Debug|Any CPU
		{A4E21369-0550-4EB1-BB3A-6185A97D4D53}.Release|Any CPU.ActiveCfg = Release|Any CPU
		{A4E21369-0550-4EB1-BB3A-6185A97D4D53}.Release|Any CPU.Build.0 = Release|Any CPU
		{A4E21369-0550-4EB1-BB3A-6185A97D4D53}.Release|x64.ActiveCfg = Release|Any CPU
		{A4E21369-0550-4EB1-BB3A-6185A97D4D53}.Release|x64.Build.0 = Release|Any CPU
		{A4E21369-0550-4EB1-BB3A-6185A97D4D53}.Release|x86.ActiveCfg = Release|Any CPU
		{A4E21369-0550-4EB1-BB3A-6185A97D4D53}.Release|x86.Build.0 = Release|Any CPU
		{6C895076-A020-43D1-B560-E6BD40632AA0}.Debug|Any CPU.ActiveCfg = Debug|Any CPU
		{6C895076-A020-43D1-B560-E6BD40632AA0}.Debug|Any CPU.Build.0 = Debug|Any CPU
		{6C895076-A020-43D1-B560-E6BD40632AA0}.Debug|x64.ActiveCfg = Debug|Any CPU
		{6C895076-A020-43D1-B560-E6BD40632AA0}.Debug|x64.Build.0 = Debug|Any CPU
		{6C895076-A020-43D1-B560-E6BD40632AA0}.Debug|x86.ActiveCfg = Debug|Any CPU
		{6C895076-A020-43D1-B560-E6BD40632AA0}.Debug|x86.Build.0 = Debug|Any CPU
		{6C895076-A020-43D1-B560-E6BD40632AA0}.Release|Any CPU.ActiveCfg = Release|Any CPU
		{6C895076-A020-43D1-B560-E6BD40632AA0}.Release|Any CPU.Build.0 = Release|Any CPU
		{6C895076-A020-43D1-B560-E6BD40632AA0}.Release|x64.ActiveCfg = Release|Any CPU
		{6C895076-A020-43D1-B560-E6BD40632AA0}.Release|x64.Build.0 = Release|Any CPU
		{6C895076-A020-43D1-B560-E6BD40632AA0}.Release|x86.ActiveCfg = Release|Any CPU
		{6C895076-A020-43D1-B560-E6BD40632AA0}.Release|x86.Build.0 = Release|Any CPU
		{BA81C209-BBBB-44A1-85E5-5DD9B864BB76}.Debug|Any CPU.ActiveCfg = Debug|Any CPU
		{BA81C209-BBBB-44A1-85E5-5DD9B864BB76}.Debug|Any CPU.Build.0 = Debug|Any CPU
		{BA81C209-BBBB-44A1-85E5-5DD9B864BB76}.Debug|x64.ActiveCfg = Debug|Any CPU
		{BA81C209-BBBB-44A1-85E5-5DD9B864BB76}.Debug|x64.Build.0 = Debug|Any CPU
		{BA81C209-BBBB-44A1-85E5-5DD9B864BB76}.Debug|x86.ActiveCfg = Debug|Any CPU
		{BA81C209-BBBB-44A1-85E5-5DD9B864BB76}.Debug|x86.Build.0 = Debug|Any CPU
		{BA81C209-BBBB-44A1-85E5-5DD9B864BB76}.Release|Any CPU.ActiveCfg = Release|Any CPU
		{BA81C209-BBBB-44A1-85E5-5DD9B864BB76}.Release|Any CPU.Build.0 = Release|Any CPU
		{BA81C209-BBBB-44A1-85E5-5DD9B864BB76}.Release|x64.ActiveCfg = Release|Any CPU
		{BA81C209-BBBB-44A1-85E5-5DD9B864BB76}.Release|x64.Build.0 = Release|Any CPU
		{BA81C209-BBBB-44A1-85E5-5DD9B864BB76}.Release|x86.ActiveCfg = Release|Any CPU
		{BA81C209-BBBB-44A1-85E5-5DD9B864BB76}.Release|x86.Build.0 = Release|Any CPU
		{2E340866-FF63-443D-924B-7AE5E9CD49CA}.Debug|Any CPU.ActiveCfg = Debug|Any CPU
		{2E340866-FF63-443D-924B-7AE5E9CD49CA}.Debug|Any CPU.Build.0 = Debug|Any CPU
		{2E340866-FF63-443D-924B-7AE5E9CD49CA}.Debug|x64.ActiveCfg = Debug|Any CPU
		{2E340866-FF63-443D-924B-7AE5E9CD49CA}.Debug|x64.Build.0 = Debug|Any CPU
		{2E340866-FF63-443D-924B-7AE5E9CD49CA}.Debug|x86.ActiveCfg = Debug|Any CPU
		{2E340866-FF63-443D-924B-7AE5E9CD49CA}.Debug|x86.Build.0 = Debug|Any CPU
		{2E340866-FF63-443D-924B-7AE5E9CD49CA}.Release|Any CPU.ActiveCfg = Release|Any CPU
		{2E340866-FF63-443D-924B-7AE5E9CD49CA}.Release|Any CPU.Build.0 = Release|Any CPU
		{2E340866-FF63-443D-924B-7AE5E9CD49CA}.Release|x64.ActiveCfg = Release|Any CPU
		{2E340866-FF63-443D-924B-7AE5E9CD49CA}.Release|x64.Build.0 = Release|Any CPU
		{2E340866-FF63-443D-924B-7AE5E9CD49CA}.Release|x86.ActiveCfg = Release|Any CPU
		{2E340866-FF63-443D-924B-7AE5E9CD49CA}.Release|x86.Build.0 = Release|Any CPU
		{4716C56D-53B5-45F6-888C-F5C1BEEBEB3C}.Debug|Any CPU.ActiveCfg = Debug|Any CPU
		{4716C56D-53B5-45F6-888C-F5C1BEEBEB3C}.Debug|Any CPU.Build.0 = Debug|Any CPU
		{4716C56D-53B5-45F6-888C-F5C1BEEBEB3C}.Debug|x64.ActiveCfg = Debug|Any CPU
		{4716C56D-53B5-45F6-888C-F5C1BEEBEB3C}.Debug|x64.Build.0 = Debug|Any CPU
		{4716C56D-53B5-45F6-888C-F5C1BEEBEB3C}.Debug|x86.ActiveCfg = Debug|Any CPU
		{4716C56D-53B5-45F6-888C-F5C1BEEBEB3C}.Debug|x86.Build.0 = Debug|Any CPU
		{4716C56D-53B5-45F6-888C-F5C1BEEBEB3C}.Release|Any CPU.ActiveCfg = Release|Any CPU
		{4716C56D-53B5-45F6-888C-F5C1BEEBEB3C}.Release|Any CPU.Build.0 = Release|Any CPU
		{4716C56D-53B5-45F6-888C-F5C1BEEBEB3C}.Release|x64.ActiveCfg = Release|Any CPU
		{4716C56D-53B5-45F6-888C-F5C1BEEBEB3C}.Release|x64.Build.0 = Release|Any CPU
		{4716C56D-53B5-45F6-888C-F5C1BEEBEB3C}.Release|x86.ActiveCfg = Release|Any CPU
		{4716C56D-53B5-45F6-888C-F5C1BEEBEB3C}.Release|x86.Build.0 = Release|Any CPU
		{5EA3189F-4907-444D-A70E-3E724514B2A8}.Debug|Any CPU.ActiveCfg = Debug|Any CPU
		{5EA3189F-4907-444D-A70E-3E724514B2A8}.Debug|Any CPU.Build.0 = Debug|Any CPU
		{5EA3189F-4907-444D-A70E-3E724514B2A8}.Debug|x64.ActiveCfg = Debug|Any CPU
		{5EA3189F-4907-444D-A70E-3E724514B2A8}.Debug|x64.Build.0 = Debug|Any CPU
		{5EA3189F-4907-444D-A70E-3E724514B2A8}.Debug|x86.ActiveCfg = Debug|Any CPU
		{5EA3189F-4907-444D-A70E-3E724514B2A8}.Debug|x86.Build.0 = Debug|Any CPU
		{5EA3189F-4907-444D-A70E-3E724514B2A8}.Release|Any CPU.ActiveCfg = Release|Any CPU
		{5EA3189F-4907-444D-A70E-3E724514B2A8}.Release|Any CPU.Build.0 = Release|Any CPU
		{5EA3189F-4907-444D-A70E-3E724514B2A8}.Release|x64.ActiveCfg = Release|Any CPU
		{5EA3189F-4907-444D-A70E-3E724514B2A8}.Release|x64.Build.0 = Release|Any CPU
		{5EA3189F-4907-444D-A70E-3E724514B2A8}.Release|x86.ActiveCfg = Release|Any CPU
		{5EA3189F-4907-444D-A70E-3E724514B2A8}.Release|x86.Build.0 = Release|Any CPU
	EndGlobalSection
	GlobalSection(SolutionProperties) = preSolution
		HideSolutionNode = FALSE
	EndGlobalSection
	GlobalSection(NestedProjects) = preSolution
		{4DD74F41-4002-4F09-8444-59B1C2212D83} = {6A1CD462-6334-460A-ADF3-2B28828585D3}
		{AE4C927F-5FBA-4C5A-8809-7B40EE446E32} = {C138541F-3F93-4B65-B932-AE815A42FC89}
		{877F3556-3E00-4F9B-AF8E-E2FAE9D7BB24} = {C138541F-3F93-4B65-B932-AE815A42FC89}
		{A4E21369-0550-4EB1-BB3A-6185A97D4D53} = {6A1CD462-6334-460A-ADF3-2B28828585D3}
		{6C895076-A020-43D1-B560-E6BD40632AA0} = {877F3556-3E00-4F9B-AF8E-E2FAE9D7BB24}
		{BA81C209-BBBB-44A1-85E5-5DD9B864BB76} = {877F3556-3E00-4F9B-AF8E-E2FAE9D7BB24}
		{2E340866-FF63-443D-924B-7AE5E9CD49CA} = {CD27EB1D-47AF-455C-89F4-504F637AA135}
		{4716C56D-53B5-45F6-888C-F5C1BEEBEB3C} = {AE4C927F-5FBA-4C5A-8809-7B40EE446E32}
		{5EA3189F-4907-444D-A70E-3E724514B2A8} = {22E5208E-29EC-47EE-BF6E-B7D58C1A7234}
	EndGlobalSection
	GlobalSection(ExtensibilityGlobals) = postSolution
		SolutionGuid = {0B93A60F-CEBF-4BEC-B4EF-0466036970B2}
	EndGlobalSection
EndGlobal
